
Microsoft Visual Studio Solution File, Format Version 12.00
# Visual Studio 2012
Project("{FAE04EC0-301F-11D3-BF4B-00C04F79EFBC}") = "Sunshine", "Sunshine\Sunshine.csproj", "{834CCAF7-DC30-4A63-A250-D673B8A00478}"
EndProject
Project("{FAE04EC0-301F-11D3-BF4B-00C04F79EFBC}") = "Sunshine.UITests", "Sunshine.UITests\Sunshine.UITests.csproj", "{3C7C4D18-EF78-48AC-AED4-ACCBEB7A3840}"
EndProject
Global
	GlobalSection(SolutionConfigurationPlatforms) = preSolution
		Debug|Any CPU = Debug|Any CPU
		Release|Any CPU = Release|Any CPU
	EndGlobalSection
	GlobalSection(ProjectConfigurationPlatforms) = postSolution
		{3C7C4D18-EF78-48AC-AED4-ACCBEB7A3840}.Debug|Any CPU.ActiveCfg = Debug|Any CPU
		{3C7C4D18-EF78-48AC-AED4-ACCBEB7A3840}.Debug|Any CPU.Build.0 = Debug|Any CPU
		{3C7C4D18-EF78-48AC-AED4-ACCBEB7A3840}.Release|Any CPU.ActiveCfg = Release|Any CPU
		{3C7C4D18-EF78-48AC-AED4-ACCBEB7A3840}.Release|Any CPU.Build.0 = Release|Any CPU
		{834CCAF7-DC30-4A63-A250-D673B8A00478}.Debug|Any CPU.ActiveCfg = Debug|Any CPU
		{834CCAF7-DC30-4A63-A250-D673B8A00478}.Debug|Any CPU.Build.0 = Debug|Any CPU
		{834CCAF7-DC30-4A63-A250-D673B8A00478}.Release|Any CPU.ActiveCfg = Release|Any CPU
		{834CCAF7-DC30-4A63-A250-D673B8A00478}.Release|Any CPU.Build.0 = Release|Any CPU
	EndGlobalSection
EndGlobal
